
Microsoft Visual Studio Solution File, Format Version 12.00
# Visual Studio Version 17
VisualStudioVersion = 17.8.34322.80
MinimumVisualStudioVersion = 10.0.40219.1
Project("{2150E333-8FDC-42A3-9474-1A3956D46DE8}") = "src", "src", "{6C2720C7-7EA4-40F8-8AAD-500C142585B6}"
EndProject
Project("{2150E333-8FDC-42A3-9474-1A3956D46DE8}") = "test", "test", "{B95F8B14-35EF-447F-924D-ED32237473CA}"
EndProject
Project("{2150E333-8FDC-42A3-9474-1A3956D46DE8}") = "API", "API", "{FCAAAA52-DF2F-4C02-90CC-7C1100EFA57F}"
EndProject
Project("{2150E333-8FDC-42A3-9474-1A3956D46DE8}") = "Core", "Core", "{9B228566-6B2B-43CF-BB4B-2662C12A91A1}"
EndProject
Project("{2150E333-8FDC-42A3-9474-1A3956D46DE8}") = "Infrastructure", "Infrastructure", "{13C22EF1-F269-4E3F-BAD0-3881BB2A7FC7}"
EndProject
Project("{2150E333-8FDC-42A3-9474-1A3956D46DE8}") = "UI", "UI", "{2A71F03A-79D0-4F99-A4B5-A4090F7A12E4}"
EndProject
Project("{9A19103F-16F7-4668-BE54-9A1E7A4F7556}") = "GlobalTickets.Domain", "GlobalTickets.Domain\GlobalTickets.Domain.csproj", "{EAD93394-79E8-4D87-A490-5884DBB71F6B}"
EndProject
Project("{9A19103F-16F7-4668-BE54-9A1E7A4F7556}") = "GlobalTickets.Application", "GlobalTickets.Application\GlobalTickets.Application.csproj", "{C2D82671-781A-4DD9-8299-E18974C249B9}"
EndProject
Project("{FAE04EC0-301F-11D3-BF4B-00C04F79EFBC}") = "GlobalTickets.Persistence", "GlobalTickets.Persistence\GlobalTickets.Persistence.csproj", "{B5911D84-3118-4572-8C65-CBB431E50816}"
EndProject
Global
	GlobalSection(SolutionConfigurationPlatforms) = preSolution
		Debug|Any CPU = Debug|Any CPU
		Release|Any CPU = Release|Any CPU
	EndGlobalSection
	GlobalSection(ProjectConfigurationPlatforms) = postSolution
		{EAD93394-79E8-4D87-A490-5884DBB71F6B}.Debug|Any CPU.ActiveCfg = Debug|Any CPU
		{EAD93394-79E8-4D87-A490-5884DBB71F6B}.Debug|Any CPU.Build.0 = Debug|Any CPU
		{EAD93394-79E8-4D87-A490-5884DBB71F6B}.Release|Any CPU.ActiveCfg = Release|Any CPU
		{EAD93394-79E8-4D87-A490-5884DBB71F6B}.Release|Any CPU.Build.0 = Release|Any CPU
		{C2D82671-781A-4DD9-8299-E18974C249B9}.Debug|Any CPU.ActiveCfg = Debug|Any CPU
		{C2D82671-781A-4DD9-8299-E18974C249B9}.Debug|Any CPU.Build.0 = Debug|Any CPU
		{C2D82671-781A-4DD9-8299-E18974C249B9}.Release|Any CPU.ActiveCfg = Release|Any CPU
		{C2D82671-781A-4DD9-8299-E18974C249B9}.Release|Any CPU.Build.0 = Release|Any CPU
		{B5911D84-3118-4572-8C65-CBB431E50816}.Debug|Any CPU.ActiveCfg = Debug|Any CPU
		{B5911D84-3118-4572-8C65-CBB431E50816}.Debug|Any CPU.Build.0 = Debug|Any CPU
		{B5911D84-3118-4572-8C65-CBB431E50816}.Release|Any CPU.ActiveCfg = Release|Any CPU
		{B5911D84-3118-4572-8C65-CBB431E50816}.Release|Any CPU.Build.0 = Release|Any CPU
	EndGlobalSection
	GlobalSection(SolutionProperties) = preSolution
		HideSolutionNode = FALSE
	EndGlobalSection
	GlobalSection(NestedProjects) = preSolution
		{FCAAAA52-DF2F-4C02-90CC-7C1100EFA57F} = {6C2720C7-7EA4-40F8-8AAD-500C142585B6}
		{9B228566-6B2B-43CF-BB4B-2662C12A91A1} = {6C2720C7-7EA4-40F8-8AAD-500C142585B6}
		{13C22EF1-F269-4E3F-BAD0-3881BB2A7FC7} = {6C2720C7-7EA4-40F8-8AAD-500C142585B6}
		{2A71F03A-79D0-4F99-A4B5-A4090F7A12E4} = {6C2720C7-7EA4-40F8-8AAD-500C142585B6}
		{EAD93394-79E8-4D87-A490-5884DBB71F6B} = {9B228566-6B2B-43CF-BB4B-2662C12A91A1}
		{C2D82671-781A-4DD9-8299-E18974C249B9} = {9B228566-6B2B-43CF-BB4B-2662C12A91A1}
		{B5911D84-3118-4572-8C65-CBB431E50816} = {13C22EF1-F269-4E3F-BAD0-3881BB2A7FC7}
	EndGlobalSection
	GlobalSection(ExtensibilityGlobals) = postSolution
		SolutionGuid = {802724E3-D9DB-40DD-BE2B-5B23005CB419}
	EndGlobalSection
EndGlobal
